
Microsoft Visual Studio Solution File, Format Version 12.00
# Visual Studio 15
VisualStudioVersion = 15.0.28307.136
MinimumVisualStudioVersion = 10.0.40219.1
Project("{FAE04EC0-301F-11D3-BF4B-00C04F79EFBC}") = "KeyloggerClient", "KeyloggerClient\KeyloggerClient.csproj", "{FABEC94C-78C8-48BE-90B9-DBEAE1B45BEA}"
EndProject
Project("{FAE04EC0-301F-11D3-BF4B-00C04F79EFBC}") = "KeyloggerServer", "KeyloggerServer\KeyloggerServer.csproj", "{20B7E959-00CC-467F-9DD3-B62539DA6D08}"
EndProject
Global
	GlobalSection(SolutionConfigurationPlatforms) = preSolution
		Debug|Any CPU = Debug|Any CPU
		Release|Any CPU = Release|Any CPU
	EndGlobalSection
	GlobalSection(ProjectConfigurationPlatforms) = postSolution
		{FABEC94C-78C8-48BE-90B9-DBEAE1B45BEA}.Debug|Any CPU.ActiveCfg = Debug|Any CPU
		{FABEC94C-78C8-48BE-90B9-DBEAE1B45BEA}.Debug|Any CPU.Build.0 = Debug|Any CPU
		{FABEC94C-78C8-48BE-90B9-DBEAE1B45BEA}.Release|Any CPU.ActiveCfg = Release|Any CPU
		{FABEC94C-78C8-48BE-90B9-DBEAE1B45BEA}.Release|Any CPU.Build.0 = Release|Any CPU
		{20B7E959-00CC-467F-9DD3-B62539DA6D08}.Debug|Any CPU.ActiveCfg = Debug|Any CPU
		{20B7E959-00CC-467F-9DD3-B62539DA6D08}.Debug|Any CPU.Build.0 = Debug|Any CPU
		{20B7E959-00CC-467F-9DD3-B62539DA6D08}.Release|Any CPU.ActiveCfg = Release|Any CPU
		{20B7E959-00CC-467F-9DD3-B62539DA6D08}.Release|Any CPU.Build.0 = Release|Any CPU
	EndGlobalSection
	GlobalSection(SolutionProperties) = preSolution
		HideSolutionNode = FALSE
	EndGlobalSection
	GlobalSection(ExtensibilityGlobals) = postSolution
		SolutionGuid = {CA0BD699-ED56-4C24-8BCF-33B52988A670}
	EndGlobalSection
EndGlobal
